
Microsoft Visual Studio Solution File, Format Version 12.00
# Visual Studio 2012
Project("{8BC9CEB8-8B4A-11D0-8D11-00A0C91BC942}") = "cudaTOPFluid", "cudaTOPFluid.vcxproj", "{F05EB6CA-81B1-4B53-A482-0501AD266319}"
EndProject
Global
	GlobalSection(SolutionConfigurationPlatforms) = preSolution
		Debug|Win32 = Debug|Win32
		Debug|x64 = Debug|x64
		Release|Win32 = Release|Win32
		Release|x64 = Release|x64
	EndGlobalSection
	GlobalSection(ProjectConfigurationPlatforms) = postSolution
		{F05EB6CA-81B1-4B53-A482-0501AD266319}.Debug|Win32.ActiveCfg = Debug|Win32
		{F05EB6CA-81B1-4B53-A482-0501AD266319}.Debug|Win32.Build.0 = Debug|Win32
		{F05EB6CA-81B1-4B53-A482-0501AD266319}.Debug|x64.ActiveCfg = Debug|x64
		{F05EB6CA-81B1-4B53-A482-0501AD266319}.Debug|x64.Build.0 = Debug|x64
		{F05EB6CA-81B1-4B53-A482-0501AD266319}.Release|Win32.ActiveCfg = Release|Win32
		{F05EB6CA-81B1-4B53-A482-0501AD266319}.Release|Win32.Build.0 = Release|Win32
		{F05EB6CA-81B1-4B53-A482-0501AD266319}.Release|x64.ActiveCfg = Release|x64
		{F05EB6CA-81B1-4B53-A482-0501AD266319}.Release|x64.Build.0 = Release|x64
	EndGlobalSection
	GlobalSection(SolutionProperties) = preSolution
		HideSolutionNode = FALSE
	EndGlobalSection
EndGlobal
